
Microsoft Visual Studio Solution File, Format Version 12.00
# Visual Studio Version 17
VisualStudioVersion = 17.8.34330.188
MinimumVisualStudioVersion = 10.0.40219.1
Project("{FAE04EC0-301F-11D3-BF4B-00C04F79EFBC}") = "financing-project", "financing-project\financing-project.csproj", "{B55599D9-1211-49A6-900C-7A182CE2AB57}"
EndProject
Global
	GlobalSection(SolutionConfigurationPlatforms) = preSolution
		Debug|Any CPU = Debug|Any CPU
		Release|Any CPU = Release|Any CPU
	EndGlobalSection
	GlobalSection(ProjectConfigurationPlatforms) = postSolution
		{B55599D9-1211-49A6-900C-7A182CE2AB57}.Debug|Any CPU.ActiveCfg = Debug|Any CPU
		{B55599D9-1211-49A6-900C-7A182CE2AB57}.Debug|Any CPU.Build.0 = Debug|Any CPU
		{B55599D9-1211-49A6-900C-7A182CE2AB57}.Release|Any CPU.ActiveCfg = Release|Any CPU
		{B55599D9-1211-49A6-900C-7A182CE2AB57}.Release|Any CPU.Build.0 = Release|Any CPU
	EndGlobalSection
	GlobalSection(SolutionProperties) = preSolution
		HideSolutionNode = FALSE
	EndGlobalSection
	GlobalSection(ExtensibilityGlobals) = postSolution
		SolutionGuid = {B4063F30-2CE0-4DEF-9FE4-8315ECD0E587}
	EndGlobalSection
EndGlobal
